
Microsoft Visual Studio Solution File, Format Version 12.00
# Visual Studio 15
VisualStudioVersion = 15.0.27428.2037
MinimumVisualStudioVersion = 10.0.40219.1
Project("{FAE04EC0-301F-11D3-BF4B-00C04F79EFBC}") = "VajeRPAucilnica", "VajeRPAucilnica\VajeRPAucilnica.csproj", "{DB553FFA-9AA8-41C5-8C68-D704ECC3BD25}"
EndProject
Global
	GlobalSection(SolutionConfigurationPlatforms) = preSolution
		Debug|Any CPU = Debug|Any CPU
		Release|Any CPU = Release|Any CPU
	EndGlobalSection
	GlobalSection(ProjectConfigurationPlatforms) = postSolution
		{DB553FFA-9AA8-41C5-8C68-D704ECC3BD25}.Debug|Any CPU.ActiveCfg = Debug|Any CPU
		{DB553FFA-9AA8-41C5-8C68-D704ECC3BD25}.Debug|Any CPU.Build.0 = Debug|Any CPU
		{DB553FFA-9AA8-41C5-8C68-D704ECC3BD25}.Release|Any CPU.ActiveCfg = Release|Any CPU
		{DB553FFA-9AA8-41C5-8C68-D704ECC3BD25}.Release|Any CPU.Build.0 = Release|Any CPU
	EndGlobalSection
	GlobalSection(SolutionProperties) = preSolution
		HideSolutionNode = FALSE
	EndGlobalSection
	GlobalSection(ExtensibilityGlobals) = postSolution
		SolutionGuid = {BA742BB9-966A-42BE-9F47-251D9818A583}
	EndGlobalSection
EndGlobal
