
Microsoft Visual Studio Solution File, Format Version 12.00
# Visual Studio 15
VisualStudioVersion = 15.0.27428.2037
MinimumVisualStudioVersion = 10.0.40219.1
Project("{FAE04EC0-301F-11D3-BF4B-00C04F79EFBC}") = "MVCNaprejKoda", "MVCNaprejKoda\MVCNaprejKoda.csproj", "{9E4ABA2F-C5A1-4217-98EB-DB0FB2E776FB}"
EndProject
Global
	GlobalSection(SolutionConfigurationPlatforms) = preSolution
		Debug|Any CPU = Debug|Any CPU
		Release|Any CPU = Release|Any CPU
	EndGlobalSection
	GlobalSection(ProjectConfigurationPlatforms) = postSolution
		{9E4ABA2F-C5A1-4217-98EB-DB0FB2E776FB}.Debug|Any CPU.ActiveCfg = Debug|Any CPU
		{9E4ABA2F-C5A1-4217-98EB-DB0FB2E776FB}.Debug|Any CPU.Build.0 = Debug|Any CPU
		{9E4ABA2F-C5A1-4217-98EB-DB0FB2E776FB}.Release|Any CPU.ActiveCfg = Release|Any CPU
		{9E4ABA2F-C5A1-4217-98EB-DB0FB2E776FB}.Release|Any CPU.Build.0 = Release|Any CPU
	EndGlobalSection
	GlobalSection(SolutionProperties) = preSolution
		HideSolutionNode = FALSE
	EndGlobalSection
	GlobalSection(ExtensibilityGlobals) = postSolution
		SolutionGuid = {B1080533-E9D2-45B0-9AC5-3AC23E00B190}
	EndGlobalSection
EndGlobal
