
Microsoft Visual Studio Solution File, Format Version 12.00
# Visual Studio 15
VisualStudioVersion = 15.0.27428.2037
MinimumVisualStudioVersion = 10.0.40219.1
Project("{FAE04EC0-301F-11D3-BF4B-00C04F79EFBC}") = "Bootstrap_test", "Bootstrap_test\Bootstrap_test.csproj", "{B1C09565-E28B-409F-AD1B-4E62494FEB85}"
EndProject
Global
	GlobalSection(SolutionConfigurationPlatforms) = preSolution
		Debug|Any CPU = Debug|Any CPU
		Release|Any CPU = Release|Any CPU
	EndGlobalSection
	GlobalSection(ProjectConfigurationPlatforms) = postSolution
		{B1C09565-E28B-409F-AD1B-4E62494FEB85}.Debug|Any CPU.ActiveCfg = Debug|Any CPU
		{B1C09565-E28B-409F-AD1B-4E62494FEB85}.Debug|Any CPU.Build.0 = Debug|Any CPU
		{B1C09565-E28B-409F-AD1B-4E62494FEB85}.Release|Any CPU.ActiveCfg = Release|Any CPU
		{B1C09565-E28B-409F-AD1B-4E62494FEB85}.Release|Any CPU.Build.0 = Release|Any CPU
	EndGlobalSection
	GlobalSection(SolutionProperties) = preSolution
		HideSolutionNode = FALSE
	EndGlobalSection
	GlobalSection(ExtensibilityGlobals) = postSolution
		SolutionGuid = {6647B7F8-5C2C-4F9C-B837-27041BD96C2B}
	EndGlobalSection
EndGlobal
